
Microsoft Visual Studio Solution File, Format Version 12.00
# Visual Studio 15
VisualStudioVersion = 15.0.28010.0
MinimumVisualStudioVersion = 10.0.40219.1
Project("{9A19103F-16F7-4668-BE54-9A1E7A4F7556}") = "NetCoreCharts", "NetCoreCharts\NetCoreCharts.csproj", "{12C5703F-EDBC-4591-980E-F62FB3962A87}"
EndProject
Project("{FAE04EC0-301F-11D3-BF4B-00C04F79EFBC}") = "XUnitTestProject1", "XUnitTestProject1\XUnitTestProject1.csproj", "{338DC271-6CF3-40BD-8D1C-B371D5B33ABC}"
EndProject
Global
	GlobalSection(SolutionConfigurationPlatforms) = preSolution
		Debug|Any CPU = Debug|Any CPU
		Release|Any CPU = Release|Any CPU
	EndGlobalSection
	GlobalSection(ProjectConfigurationPlatforms) = postSolution
		{12C5703F-EDBC-4591-980E-F62FB3962A87}.Debug|Any CPU.ActiveCfg = Debug|Any CPU
		{12C5703F-EDBC-4591-980E-F62FB3962A87}.Debug|Any CPU.Build.0 = Debug|Any CPU
		{12C5703F-EDBC-4591-980E-F62FB3962A87}.Release|Any CPU.ActiveCfg = Release|Any CPU
		{12C5703F-EDBC-4591-980E-F62FB3962A87}.Release|Any CPU.Build.0 = Release|Any CPU
		{338DC271-6CF3-40BD-8D1C-B371D5B33ABC}.Debug|Any CPU.ActiveCfg = Debug|Any CPU
		{338DC271-6CF3-40BD-8D1C-B371D5B33ABC}.Debug|Any CPU.Build.0 = Debug|Any CPU
		{338DC271-6CF3-40BD-8D1C-B371D5B33ABC}.Release|Any CPU.ActiveCfg = Release|Any CPU
		{338DC271-6CF3-40BD-8D1C-B371D5B33ABC}.Release|Any CPU.Build.0 = Release|Any CPU
	EndGlobalSection
	GlobalSection(SolutionProperties) = preSolution
		HideSolutionNode = FALSE
	EndGlobalSection
	GlobalSection(ExtensibilityGlobals) = postSolution
		SolutionGuid = {68D998E5-925E-45EE-8271-24F3CD94BA09}
	EndGlobalSection
EndGlobal
